
Microsoft Visual Studio Solution File, Format Version 12.00
# Visual Studio Version 16
VisualStudioVersion = 16.0.32106.194
MinimumVisualStudioVersion = 10.0.40219.1
Project("{FAE04EC0-301F-11D3-BF4B-00C04F79EFBC}") = "Functions", "Functions\Functions.csproj", "{736C88ED-75D8-4082-86B5-3BCDD329A4D6}"
EndProject
Project("{FAE04EC0-301F-11D3-BF4B-00C04F79EFBC}") = "UserNameData", "UserNameData\UserNameData.csproj", "{3B75A97F-A047-4C76-847C-FEE4E5C7528F}"
EndProject
Project("{FAE04EC0-301F-11D3-BF4B-00C04F79EFBC}") = "UserNameDataTask", "UserNameDataTask\UserNameDataTask.csproj", "{EE7EB0B2-FC40-4118-A0D3-1CC4AE5DCD23}"
EndProject
Global
	GlobalSection(SolutionConfigurationPlatforms) = preSolution
		Debug|Any CPU = Debug|Any CPU
		Release|Any CPU = Release|Any CPU
	EndGlobalSection
	GlobalSection(ProjectConfigurationPlatforms) = postSolution
		{736C88ED-75D8-4082-86B5-3BCDD329A4D6}.Debug|Any CPU.ActiveCfg = Debug|Any CPU
		{736C88ED-75D8-4082-86B5-3BCDD329A4D6}.Debug|Any CPU.Build.0 = Debug|Any CPU
		{736C88ED-75D8-4082-86B5-3BCDD329A4D6}.Release|Any CPU.ActiveCfg = Release|Any CPU
		{736C88ED-75D8-4082-86B5-3BCDD329A4D6}.Release|Any CPU.Build.0 = Release|Any CPU
		{3B75A97F-A047-4C76-847C-FEE4E5C7528F}.Debug|Any CPU.ActiveCfg = Debug|Any CPU
		{3B75A97F-A047-4C76-847C-FEE4E5C7528F}.Debug|Any CPU.Build.0 = Debug|Any CPU
		{3B75A97F-A047-4C76-847C-FEE4E5C7528F}.Release|Any CPU.ActiveCfg = Release|Any CPU
		{3B75A97F-A047-4C76-847C-FEE4E5C7528F}.Release|Any CPU.Build.0 = Release|Any CPU
		{EE7EB0B2-FC40-4118-A0D3-1CC4AE5DCD23}.Debug|Any CPU.ActiveCfg = Debug|Any CPU
		{EE7EB0B2-FC40-4118-A0D3-1CC4AE5DCD23}.Debug|Any CPU.Build.0 = Debug|Any CPU
		{EE7EB0B2-FC40-4118-A0D3-1CC4AE5DCD23}.Release|Any CPU.ActiveCfg = Release|Any CPU
		{EE7EB0B2-FC40-4118-A0D3-1CC4AE5DCD23}.Release|Any CPU.Build.0 = Release|Any CPU
	EndGlobalSection
	GlobalSection(SolutionProperties) = preSolution
		HideSolutionNode = FALSE
	EndGlobalSection
	GlobalSection(ExtensibilityGlobals) = postSolution
		SolutionGuid = {65155BE0-2715-483C-9247-C7D9D03BDC54}
	EndGlobalSection
EndGlobal
